PODS:
  - BSGridCollectionViewLayout (1.2.2)
  - BSImagePicker (2.9.0):
    - BSGridCollectionViewLayout (= 1.2.2)
    - BSImageView (= 1.0.2)
  - BSImageView (1.0.2)
  - Flutter (1.0.0)
  - multi_image_picker (2.3.31):
    - BSImagePicker (~> 2.9.0)
    - Flutter

DEPENDENCIES:
  - BSImagePicker (from `BSImagePicker`)
  - Flutter (from `.symlinks/flutter/ios`)
  - multi_image_picker (from `.symlinks/plugins/multi_image_picker/ios`)

SPEC REPOS:
  https://github.com/cocoapods/specs.git:
    - BSGridCollectionViewLayout
    - BSImageView

EXTERNAL SOURCES:
  BSImagePicker:
    :path: BSImagePicker
  Flutter:
    :path: ".symlinks/flutter/ios"
  multi_image_picker:
    :path: ".symlinks/plugins/multi_image_picker/ios"

SPEC CHECKSUMS:
  BSGridCollectionViewLayout: 3e6f23b3a2b4f0ca9afae09ca01389d1057f7b32
  BSImagePicker: 5a341d54c94593d99230ea615877bbb9e3019ac3
  BSImageView: ab22ff8cae61f1ae17a3c9efeeb216af3cf84a09
  Flutter: 9d0fac939486c9aba2809b7982dfdbb47a7b0296
  multi_image_picker: 021fc7b8569924a97da201b087b7abe72013855f

PODFILE CHECKSUM: b724e71b95c276eb44a5deffe371087ba6824352

COCOAPODS: 1.5.2
